
Microsoft Visual Studio Solution File, Format Version 12.00
# Visual Studio Version 17
VisualStudioVersion = 17.4.33213.308
MinimumVisualStudioVersion = 10.0.40219.1
Project("{FAE04EC0-301F-11D3-BF4B-00C04F79EFBC}") = "LunchTime", "LunchTime.csproj", "{ECC3053D-9EE3-4087-A15A-333DD1019A04}"
EndProject
Global
	GlobalSection(SolutionConfigurationPlatforms) = preSolution
		Debug|Any CPU = Debug|Any CPU
		Release|Any CPU = Release|Any CPU
	EndGlobalSection
	GlobalSection(ProjectConfigurationPlatforms) = postSolution
		{ECC3053D-9EE3-4087-A15A-333DD1019A04}.Debug|Any CPU.ActiveCfg = Debug|Any CPU
		{ECC3053D-9EE3-4087-A15A-333DD1019A04}.Debug|Any CPU.Build.0 = Debug|Any CPU
		{ECC3053D-9EE3-4087-A15A-333DD1019A04}.Release|Any CPU.ActiveCfg = Release|Any CPU
		{ECC3053D-9EE3-4087-A15A-333DD1019A04}.Release|Any CPU.Build.0 = Release|Any CPU
	EndGlobalSection
	GlobalSection(SolutionProperties) = preSolution
		HideSolutionNode = FALSE
	EndGlobalSection
	GlobalSection(ExtensibilityGlobals) = postSolution
		SolutionGuid = {CAC5CC75-A085-478C-834A-9C789890F578}
	EndGlobalSection
EndGlobal
